
Microsoft Visual Studio Solution File, Format Version 12.00
# Visual Studio Version 16
VisualStudioVersion = 16.0.29926.136
MinimumVisualStudioVersion = 10.0.40219.1
Project("{FAE04EC0-301F-11D3-BF4B-00C04F79EFBC}") = "Encoding_Streaming", "Encoding_Streaming\Encoding_Streaming.csproj", "{A11E0E96-1FBC-47F7-9BA3-38910BAF9A78}"
EndProject
Global
	GlobalSection(SolutionConfigurationPlatforms) = preSolution
		Debug|Any CPU = Debug|Any CPU
		Release|Any CPU = Release|Any CPU
	EndGlobalSection
	GlobalSection(ProjectConfigurationPlatforms) = postSolution
		{A11E0E96-1FBC-47F7-9BA3-38910BAF9A78}.Debug|Any CPU.ActiveCfg = Debug|Any CPU
		{A11E0E96-1FBC-47F7-9BA3-38910BAF9A78}.Debug|Any CPU.Build.0 = Debug|Any CPU
		{A11E0E96-1FBC-47F7-9BA3-38910BAF9A78}.Release|Any CPU.ActiveCfg = Release|Any CPU
		{A11E0E96-1FBC-47F7-9BA3-38910BAF9A78}.Release|Any CPU.Build.0 = Release|Any CPU
	EndGlobalSection
	GlobalSection(SolutionProperties) = preSolution
		HideSolutionNode = FALSE
	EndGlobalSection
	GlobalSection(ExtensibilityGlobals) = postSolution
		SolutionGuid = {39A7210C-BFA3-4FBA-8861-01C7600DCF99}
	EndGlobalSection
EndGlobal
