
Microsoft Visual Studio Solution File, Format Version 12.00
# Visual Studio Version 16
VisualStudioVersion = 16.0.29926.136
MinimumVisualStudioVersion = 10.0.40219.1
Project("{FAE04EC0-301F-11D3-BF4B-00C04F79EFBC}") = "EFGetStarted", "EFGetStarted\EFGetStarted.csproj", "{52B672B9-D1A4-4367-A9AD-64C739EA3605}"
EndProject
Global
	GlobalSection(SolutionConfigurationPlatforms) = preSolution
		Debug|Any CPU = Debug|Any CPU
		Release|Any CPU = Release|Any CPU
	EndGlobalSection
	GlobalSection(ProjectConfigurationPlatforms) = postSolution
		{52B672B9-D1A4-4367-A9AD-64C739EA3605}.Debug|Any CPU.ActiveCfg = Debug|Any CPU
		{52B672B9-D1A4-4367-A9AD-64C739EA3605}.Debug|Any CPU.Build.0 = Debug|Any CPU
		{52B672B9-D1A4-4367-A9AD-64C739EA3605}.Release|Any CPU.ActiveCfg = Release|Any CPU
		{52B672B9-D1A4-4367-A9AD-64C739EA3605}.Release|Any CPU.Build.0 = Release|Any CPU
	EndGlobalSection
	GlobalSection(SolutionProperties) = preSolution
		HideSolutionNode = FALSE
	EndGlobalSection
	GlobalSection(ExtensibilityGlobals) = postSolution
		SolutionGuid = {5FA53F0C-8B15-49D6-9C4F-A7F091EC0C7F}
	EndGlobalSection
EndGlobal
