
Microsoft Visual Studio Solution File, Format Version 12.00
# Visual Studio Version 16
VisualStudioVersion = 16.0.29926.136
MinimumVisualStudioVersion = 10.0.40219.1
Project("{FAE04EC0-301F-11D3-BF4B-00C04F79EFBC}") = "BinarySerialisation", "Serialisation\BinarySerialisation.csproj", "{8BC647DD-50A6-43C0-9667-A92FB32CF197}"
EndProject
Project("{FAE04EC0-301F-11D3-BF4B-00C04F79EFBC}") = "JSONSerialisaion", "JSONSerialisaion\JSONSerialisaion.csproj", "{3AA97D63-397A-4DAA-922E-CAA0A492220A}"
EndProject
Project("{FAE04EC0-301F-11D3-BF4B-00C04F79EFBC}") = "XMLSerialisation", "XMLSerialisation\XMLSerialisation.csproj", "{7A84A654-3C2D-4B66-9828-8D3988BDE1B4}"
EndProject
Global
	GlobalSection(SolutionConfigurationPlatforms) = preSolution
		Debug|Any CPU = Debug|Any CPU
		Release|Any CPU = Release|Any CPU
	EndGlobalSection
	GlobalSection(ProjectConfigurationPlatforms) = postSolution
		{8BC647DD-50A6-43C0-9667-A92FB32CF197}.Debug|Any CPU.ActiveCfg = Debug|Any CPU
		{8BC647DD-50A6-43C0-9667-A92FB32CF197}.Debug|Any CPU.Build.0 = Debug|Any CPU
		{8BC647DD-50A6-43C0-9667-A92FB32CF197}.Release|Any CPU.ActiveCfg = Release|Any CPU
		{8BC647DD-50A6-43C0-9667-A92FB32CF197}.Release|Any CPU.Build.0 = Release|Any CPU
		{3AA97D63-397A-4DAA-922E-CAA0A492220A}.Debug|Any CPU.ActiveCfg = Debug|Any CPU
		{3AA97D63-397A-4DAA-922E-CAA0A492220A}.Debug|Any CPU.Build.0 = Debug|Any CPU
		{3AA97D63-397A-4DAA-922E-CAA0A492220A}.Release|Any CPU.ActiveCfg = Release|Any CPU
		{3AA97D63-397A-4DAA-922E-CAA0A492220A}.Release|Any CPU.Build.0 = Release|Any CPU
		{7A84A654-3C2D-4B66-9828-8D3988BDE1B4}.Debug|Any CPU.ActiveCfg = Debug|Any CPU
		{7A84A654-3C2D-4B66-9828-8D3988BDE1B4}.Debug|Any CPU.Build.0 = Debug|Any CPU
		{7A84A654-3C2D-4B66-9828-8D3988BDE1B4}.Release|Any CPU.ActiveCfg = Release|Any CPU
		{7A84A654-3C2D-4B66-9828-8D3988BDE1B4}.Release|Any CPU.Build.0 = Release|Any CPU
	EndGlobalSection
	GlobalSection(SolutionProperties) = preSolution
		HideSolutionNode = FALSE
	EndGlobalSection
	GlobalSection(ExtensibilityGlobals) = postSolution
		SolutionGuid = {B8DCEFA8-7F97-41CC-A73A-4A50FBD34DF2}
	EndGlobalSection
EndGlobal
