
Microsoft Visual Studio Solution File, Format Version 12.00
# Visual Studio Version 16
VisualStudioVersion = 16.0.29926.136
MinimumVisualStudioVersion = 10.0.40219.1
Project("{FAE04EC0-301F-11D3-BF4B-00C04F79EFBC}") = "Lab_07_Loops", "Lab_07_Loops\Lab_07_Loops.csproj", "{D63D7F6B-56DF-460E-9337-703625C12FC3}"
EndProject
Global
	GlobalSection(SolutionConfigurationPlatforms) = preSolution
		Debug|Any CPU = Debug|Any CPU
		Release|Any CPU = Release|Any CPU
	EndGlobalSection
	GlobalSection(ProjectConfigurationPlatforms) = postSolution
		{D63D7F6B-56DF-460E-9337-703625C12FC3}.Debug|Any CPU.ActiveCfg = Debug|Any CPU
		{D63D7F6B-56DF-460E-9337-703625C12FC3}.Debug|Any CPU.Build.0 = Debug|Any CPU
		{D63D7F6B-56DF-460E-9337-703625C12FC3}.Release|Any CPU.ActiveCfg = Release|Any CPU
		{D63D7F6B-56DF-460E-9337-703625C12FC3}.Release|Any CPU.Build.0 = Release|Any CPU
	EndGlobalSection
	GlobalSection(SolutionProperties) = preSolution
		HideSolutionNode = FALSE
	EndGlobalSection
	GlobalSection(ExtensibilityGlobals) = postSolution
		SolutionGuid = {2B361D1A-FF44-49DB-A939-21F0031D3277}
	EndGlobalSection
EndGlobal
