
Microsoft Visual Studio Solution File, Format Version 12.00
# Visual Studio Version 16
VisualStudioVersion = 16.0.29926.136
MinimumVisualStudioVersion = 10.0.40219.1
Project("{FAE04EC0-301F-11D3-BF4B-00C04F79EFBC}") = "Lab_08_Collections", "Lab_08_Collections\Lab_08_Collections.csproj", "{05A16767-379E-436F-BF75-50EDAE7022C5}"
EndProject
Global
	GlobalSection(SolutionConfigurationPlatforms) = preSolution
		Debug|Any CPU = Debug|Any CPU
		Release|Any CPU = Release|Any CPU
	EndGlobalSection
	GlobalSection(ProjectConfigurationPlatforms) = postSolution
		{05A16767-379E-436F-BF75-50EDAE7022C5}.Debug|Any CPU.ActiveCfg = Debug|Any CPU
		{05A16767-379E-436F-BF75-50EDAE7022C5}.Debug|Any CPU.Build.0 = Debug|Any CPU
		{05A16767-379E-436F-BF75-50EDAE7022C5}.Release|Any CPU.ActiveCfg = Release|Any CPU
		{05A16767-379E-436F-BF75-50EDAE7022C5}.Release|Any CPU.Build.0 = Release|Any CPU
	EndGlobalSection
	GlobalSection(SolutionProperties) = preSolution
		HideSolutionNode = FALSE
	EndGlobalSection
	GlobalSection(ExtensibilityGlobals) = postSolution
		SolutionGuid = {14110EEC-085B-44B8-A1FD-BA4BFB4C4FB2}
	EndGlobalSection
EndGlobal
