
Microsoft Visual Studio Solution File, Format Version 12.00
# Visual Studio Version 16
VisualStudioVersion = 16.0.29926.136
MinimumVisualStudioVersion = 10.0.40219.1
Project("{FAE04EC0-301F-11D3-BF4B-00C04F79EFBC}") = "CodeFromNorthwindModel", "CodeFromNorthwindModel\CodeFromNorthwindModel.csproj", "{A19C8AF0-FF67-4884-B243-0DFA87E3EBDC}"
EndProject
Project("{FAE04EC0-301F-11D3-BF4B-00C04F79EFBC}") = "CodeFromNorthwindBusiness", "CodeFromNorthwindBusiness\CodeFromNorthwindBusiness.csproj", "{41627B9B-C06C-4F1C-898C-5CB6C27F3E1C}"
EndProject
Global
	GlobalSection(SolutionConfigurationPlatforms) = preSolution
		Debug|Any CPU = Debug|Any CPU
		Release|Any CPU = Release|Any CPU
	EndGlobalSection
	GlobalSection(ProjectConfigurationPlatforms) = postSolution
		{A19C8AF0-FF67-4884-B243-0DFA87E3EBDC}.Debug|Any CPU.ActiveCfg = Debug|Any CPU
		{A19C8AF0-FF67-4884-B243-0DFA87E3EBDC}.Debug|Any CPU.Build.0 = Debug|Any CPU
		{A19C8AF0-FF67-4884-B243-0DFA87E3EBDC}.Release|Any CPU.ActiveCfg = Release|Any CPU
		{A19C8AF0-FF67-4884-B243-0DFA87E3EBDC}.Release|Any CPU.Build.0 = Release|Any CPU
		{41627B9B-C06C-4F1C-898C-5CB6C27F3E1C}.Debug|Any CPU.ActiveCfg = Debug|Any CPU
		{41627B9B-C06C-4F1C-898C-5CB6C27F3E1C}.Debug|Any CPU.Build.0 = Debug|Any CPU
		{41627B9B-C06C-4F1C-898C-5CB6C27F3E1C}.Release|Any CPU.ActiveCfg = Release|Any CPU
		{41627B9B-C06C-4F1C-898C-5CB6C27F3E1C}.Release|Any CPU.Build.0 = Release|Any CPU
	EndGlobalSection
	GlobalSection(SolutionProperties) = preSolution
		HideSolutionNode = FALSE
	EndGlobalSection
	GlobalSection(ExtensibilityGlobals) = postSolution
		SolutionGuid = {9B7DA021-2BFC-427E-BD81-9F59FF3475E0}
	EndGlobalSection
EndGlobal
