
Microsoft Visual Studio Solution File, Format Version 12.00
# Visual Studio Version 16
VisualStudioVersion = 16.0.29926.136
MinimumVisualStudioVersion = 10.0.40219.1
Project("{FAE04EC0-301F-11D3-BF4B-00C04F79EFBC}") = "Lab_02_DataTypes_Part1", "Lab_02_DataTypes_Part1\Lab_02_DataTypes_Part1.csproj", "{BED04238-7593-488C-B0AF-D9746AB36EF0}"
EndProject
Global
	GlobalSection(SolutionConfigurationPlatforms) = preSolution
		Debug|Any CPU = Debug|Any CPU
		Release|Any CPU = Release|Any CPU
	EndGlobalSection
	GlobalSection(ProjectConfigurationPlatforms) = postSolution
		{BED04238-7593-488C-B0AF-D9746AB36EF0}.Debug|Any CPU.ActiveCfg = Debug|Any CPU
		{BED04238-7593-488C-B0AF-D9746AB36EF0}.Debug|Any CPU.Build.0 = Debug|Any CPU
		{BED04238-7593-488C-B0AF-D9746AB36EF0}.Release|Any CPU.ActiveCfg = Release|Any CPU
		{BED04238-7593-488C-B0AF-D9746AB36EF0}.Release|Any CPU.Build.0 = Release|Any CPU
	EndGlobalSection
	GlobalSection(SolutionProperties) = preSolution
		HideSolutionNode = FALSE
	EndGlobalSection
	GlobalSection(ExtensibilityGlobals) = postSolution
		SolutionGuid = {F62D7E4B-9186-4370-9A72-369721C32C5B}
	EndGlobalSection
EndGlobal
