
Microsoft Visual Studio Solution File, Format Version 12.00
# Visual Studio Version 16
VisualStudioVersion = 16.0.29926.136
MinimumVisualStudioVersion = 10.0.40219.1
Project("{FAE04EC0-301F-11D3-BF4B-00C04F79EFBC}") = "Lab_05_Selection_app", "Lab_05_Selection_app\Lab_05_Selection_app.csproj", "{EA5B1629-6488-408C-BDFF-A5A21778B693}"
EndProject
Project("{FAE04EC0-301F-11D3-BF4B-00C04F79EFBC}") = "Lab_05_Selection_Tests", "Lab_05_Selection_Tests\Lab_05_Selection_Tests.csproj", "{EA19EDA4-DBA8-46FE-AF61-852A9CB4EAD6}"
EndProject
Global
	GlobalSection(SolutionConfigurationPlatforms) = preSolution
		Debug|Any CPU = Debug|Any CPU
		Release|Any CPU = Release|Any CPU
	EndGlobalSection
	GlobalSection(ProjectConfigurationPlatforms) = postSolution
		{EA5B1629-6488-408C-BDFF-A5A21778B693}.Debug|Any CPU.ActiveCfg = Debug|Any CPU
		{EA5B1629-6488-408C-BDFF-A5A21778B693}.Debug|Any CPU.Build.0 = Debug|Any CPU
		{EA5B1629-6488-408C-BDFF-A5A21778B693}.Release|Any CPU.ActiveCfg = Release|Any CPU
		{EA5B1629-6488-408C-BDFF-A5A21778B693}.Release|Any CPU.Build.0 = Release|Any CPU
		{EA19EDA4-DBA8-46FE-AF61-852A9CB4EAD6}.Debug|Any CPU.ActiveCfg = Debug|Any CPU
		{EA19EDA4-DBA8-46FE-AF61-852A9CB4EAD6}.Debug|Any CPU.Build.0 = Debug|Any CPU
		{EA19EDA4-DBA8-46FE-AF61-852A9CB4EAD6}.Release|Any CPU.ActiveCfg = Release|Any CPU
		{EA19EDA4-DBA8-46FE-AF61-852A9CB4EAD6}.Release|Any CPU.Build.0 = Release|Any CPU
	EndGlobalSection
	GlobalSection(SolutionProperties) = preSolution
		HideSolutionNode = FALSE
	EndGlobalSection
	GlobalSection(ExtensibilityGlobals) = postSolution
		SolutionGuid = {7396BB6B-E588-44C0-97A6-8B24C78A603C}
	EndGlobalSection
EndGlobal
