
Microsoft Visual Studio Solution File, Format Version 12.00
# Visual Studio Version 16
VisualStudioVersion = 16.0.29926.136
MinimumVisualStudioVersion = 10.0.40219.1
Project("{FAE04EC0-301F-11D3-BF4B-00C04F79EFBC}") = "Lab_08_WPF", "Lab_08_WPF\Lab_08_WPF.csproj", "{B50042B0-2BB0-42B5-9756-0965E79162F9}"
EndProject
Global
	GlobalSection(SolutionConfigurationPlatforms) = preSolution
		Debug|Any CPU = Debug|Any CPU
		Release|Any CPU = Release|Any CPU
	EndGlobalSection
	GlobalSection(ProjectConfigurationPlatforms) = postSolution
		{B50042B0-2BB0-42B5-9756-0965E79162F9}.Debug|Any CPU.ActiveCfg = Debug|Any CPU
		{B50042B0-2BB0-42B5-9756-0965E79162F9}.Debug|Any CPU.Build.0 = Debug|Any CPU
		{B50042B0-2BB0-42B5-9756-0965E79162F9}.Release|Any CPU.ActiveCfg = Release|Any CPU
		{B50042B0-2BB0-42B5-9756-0965E79162F9}.Release|Any CPU.Build.0 = Release|Any CPU
	EndGlobalSection
	GlobalSection(SolutionProperties) = preSolution
		HideSolutionNode = FALSE
	EndGlobalSection
	GlobalSection(ExtensibilityGlobals) = postSolution
		SolutionGuid = {25A2AD22-7E76-4369-922B-814AFD79FCBA}
	EndGlobalSection
EndGlobal
